// !$*UTF8*$!
{
	archiveVersion = 1;
	classes = {
	};
	objectVersion = 52;
	objects = {

/* Begin PBXBuildFile section */
		E06E1AA326B330E6002C209D /* AppDelegate.swift in Sources */ = {isa = PBXBuildFile; fileRef = E06E1AA226B330E6002C209D /* AppDelegate.swift */; };
		E06E1AA526B330E6002C209D /* SceneDelegate.swift in Sources */ = {isa = PBXBuildFile; fileRef = E06E1AA426B330E6002C209D /* SceneDelegate.swift */; };
		E06E1AA726B330E6002C209D /* ViewController.swift in Sources */ = {isa = PBXBuildFile; fileRef = E06E1AA626B330E6002C209D /* ViewController.swift */; };
		E06E1AAA26B330E6002C209D /* Main.storyboard in Resources */ = {isa = PBXBuildFile; fileRef = E06E1AA826B330E6002C209D /* Main.storyboard */; };
		E06E1AAC26B330E8002C209D /* Assets.xcassets in Resources */ = {isa = PBXBuildFile; fileRef = E06E1AAB26B330E8002C209D /* Assets.xcassets */; };
		E06E1AAF26B330E8002C209D /* LaunchScreen.storyboard in Resources */ = {isa = PBXBuildFile; fileRef = E06E1AAD26B330E8002C209D /* LaunchScreen.storyboard */; };
		E06E1AB826B33260002C209D /* SwiftCoordinatorsKit in Frameworks */ = {isa = PBXBuildFile; productRef = E06E1AB726B33260002C209D /* SwiftCoordinatorsKit */; };
		E06E1ABB26B332AF002C209D /* ApplicationCoordinator.swift in Sources */ = {isa = PBXBuildFile; fileRef = E06E1ABA26B332AF002C209D /* ApplicationCoordinator.swift */; };
		E06E1ABD26B33320002C209D /* CoordinatorFactory.swift in Sources */ = {isa = PBXBuildFile; fileRef = E06E1ABC26B33320002C209D /* CoordinatorFactory.swift */; };
		E06E1AC026B33537002C209D /* ControllerFactory.swift in Sources */ = {isa = PBXBuildFile; fileRef = E06E1ABF26B33537002C209D /* ControllerFactory.swift */; };
		E06E1AC226B33580002C209D /* InitilizationController.swift in Sources */ = {isa = PBXBuildFile; fileRef = E06E1AC126B33580002C209D /* InitilizationController.swift */; };
		E06E1AC426B33653002C209D /* InitializationCoordinator.swift in Sources */ = {isa = PBXBuildFile; fileRef = E06E1AC326B33653002C209D /* InitializationCoordinator.swift */; };
/* End PBXBuildFile section */

/* Begin PBXFileReference section */
		E06E1A9F26B330E6002C209D /* SCK_TemplateApp.app */ = {isa = PBXFileReference; explicitFileType = wrapper.application; includeInIndex = 0; path = SCK_TemplateApp.app; sourceTree = BUILT_PRODUCTS_DIR; };
		E06E1AA226B330E6002C209D /* AppDelegate.swift */ = {isa = PBXFileReference; lastKnownFileType = sourcecode.swift; path = AppDelegate.swift; sourceTree = "<group>"; };
		E06E1AA426B330E6002C209D /* SceneDelegate.swift */ = {isa = PBXFileReference; lastKnownFileType = sourcecode.swift; path = SceneDelegate.swift; sourceTree = "<group>"; };
		E06E1AA626B330E6002C209D /* ViewController.swift */ = {isa = PBXFileReference; lastKnownFileType = sourcecode.swift; path = ViewController.swift; sourceTree = "<group>"; };
		E06E1AA926B330E6002C209D /* Base */ = {isa = PBXFileReference; lastKnownFileType = file.storyboard; name = Base; path = Base.lproj/Main.storyboard; sourceTree = "<group>"; };
		E06E1AAB26B330E8002C209D /* Assets.xcassets */ = {isa = PBXFileReference; lastKnownFileType = folder.assetcatalog; path = Assets.xcassets; sourceTree = "<group>"; };
		E06E1AAE26B330E8002C209D /* Base */ = {isa = PBXFileReference; lastKnownFileType = file.storyboard; name = Base; path = Base.lproj/LaunchScreen.storyboard; sourceTree = "<group>"; };
		E06E1AB026B330E8002C209D /* Info.plist */ = {isa = PBXFileReference; lastKnownFileType = text.plist.xml; path = Info.plist; sourceTree = "<group>"; };
		E06E1ABA26B332AF002C209D /* ApplicationCoordinator.swift */ = {isa = PBXFileReference; lastKnownFileType = sourcecode.swift; path = ApplicationCoordinator.swift; sourceTree = "<group>"; };
		E06E1ABC26B33320002C209D /* CoordinatorFactory.swift */ = {isa = PBXFileReference; lastKnownFileType = sourcecode.swift; path = CoordinatorFactory.swift; sourceTree = "<group>"; };
		E06E1ABF26B33537002C209D /* ControllerFactory.swift */ = {isa = PBXFileReference; lastKnownFileType = sourcecode.swift; path = ControllerFactory.swift; sourceTree = "<group>"; };
		E06E1AC126B33580002C209D /* InitilizationController.swift */ = {isa = PBXFileReference; lastKnownFileType = sourcecode.swift; path = InitilizationController.swift; sourceTree = "<group>"; };
		E06E1AC326B33653002C209D /* InitializationCoordinator.swift */ = {isa = PBXFileReference; lastKnownFileType = sourcecode.swift; path = InitializationCoordinator.swift; sourceTree = "<group>"; };
/* End PBXFileReference section */

/* Begin PBXFrameworksBuildPhase section */
		E06E1A9C26B330E6002C209D /* Frameworks */ = {
			isa = PBXFrameworksBuildPhase;
			buildActionMask = 2147483647;
			files = (
				E06E1AB826B33260002C209D /* SwiftCoordinatorsKit in Frameworks */,
			);
			runOnlyForDeploymentPostprocessing = 0;
		};
/* End PBXFrameworksBuildPhase section */

/* Begin PBXGroup section */
		E06E1A9626B330E6002C209D = {
			isa = PBXGroup;
			children = (
				E06E1AA126B330E6002C209D /* SCK_TemplateApp */,
				E06E1AA026B330E6002C209D /* Products */,
			);
			sourceTree = "<group>";
		};
		E06E1AA026B330E6002C209D /* Products */ = {
			isa = PBXGroup;
			children = (
				E06E1A9F26B330E6002C209D /* SCK_TemplateApp.app */,
			);
			name = Products;
			sourceTree = "<group>";
		};
		E06E1AA126B330E6002C209D /* SCK_TemplateApp */ = {
			isa = PBXGroup;
			children = (
				E06E1ABE26B33366002C209D /* Controllers */,
				E06E1AB926B33266002C209D /* Coordinators */,
				E06E1AA226B330E6002C209D /* AppDelegate.swift */,
				E06E1AA426B330E6002C209D /* SceneDelegate.swift */,
				E06E1AA626B330E6002C209D /* ViewController.swift */,
				E06E1AA826B330E6002C209D /* Main.storyboard */,
				E06E1AAB26B330E8002C209D /* Assets.xcassets */,
				E06E1AAD26B330E8002C209D /* LaunchScreen.storyboard */,
				E06E1AB026B330E8002C209D /* Info.plist */,
			);
			path = SCK_TemplateApp;
			sourceTree = "<group>";
		};
		E06E1AB926B33266002C209D /* Coordinators */ = {
			isa = PBXGroup;
			children = (
				E06E1ABC26B33320002C209D /* CoordinatorFactory.swift */,
				E06E1ABA26B332AF002C209D /* ApplicationCoordinator.swift */,
				E06E1AC326B33653002C209D /* InitializationCoordinator.swift */,
			);
			path = Coordinators;
			sourceTree = "<group>";
		};
		E06E1ABE26B33366002C209D /* Controllers */ = {
			isa = PBXGroup;
			children = (
				E06E1ABF26B33537002C209D /* ControllerFactory.swift */,
				E06E1AC126B33580002C209D /* InitilizationController.swift */,
			);
			path = Controllers;
			sourceTree = "<group>";
		};
/* End PBXGroup section */

/* Begin PBXNativeTarget section */
		E06E1A9E26B330E6002C209D /* SCK_TemplateApp */ = {
			isa = PBXNativeTarget;
			buildConfigurationList = E06E1AB326B330E8002C209D /* Build configuration list for PBXNativeTarget "SCK_TemplateApp" */;
			buildPhases = (
				E06E1A9B26B330E6002C209D /* Sources */,
				E06E1A9C26B330E6002C209D /* Frameworks */,
				E06E1A9D26B330E6002C209D /* Resources */,
			);
			buildRules = (
			);
			dependencies = (
			);
			name = SCK_TemplateApp;
			packageProductDependencies = (
				E06E1AB726B33260002C209D /* SwiftCoordinatorsKit */,
			);
			productName = SCK_TemplateApp;
			productReference = E06E1A9F26B330E6002C209D /* SCK_TemplateApp.app */;
			productType = "com.apple.product-type.application";
		};
/* End PBXNativeTarget section */

/* Begin PBXProject section */
		E06E1A9726B330E6002C209D /* Project object */ = {
			isa = PBXProject;
			attributes = {
				LastSwiftUpdateCheck = 1250;
				LastUpgradeCheck = 1250;
				TargetAttributes = {
					E06E1A9E26B330E6002C209D = {
						CreatedOnToolsVersion = 12.5.1;
					};
				};
			};
			buildConfigurationList = E06E1A9A26B330E6002C209D /* Build configuration list for PBXProject "SCK_TemplateApp" */;
			compatibilityVersion = "Xcode 9.3";
			developmentRegion = en;
			hasScannedForEncodings = 0;
			knownRegions = (
				en,
				Base,
			);
			mainGroup = E06E1A9626B330E6002C209D;
			packageReferences = (
				E06E1AB626B33260002C209D /* XCRemoteSwiftPackageReference "SwiftCoordinatorsKit" */,
			);
			productRefGroup = E06E1AA026B330E6002C209D /* Products */;
			projectDirPath = "";
			projectRoot = "";
			targets = (
				E06E1A9E26B330E6002C209D /* SCK_TemplateApp */,
			);
		};
/* End PBXProject section */

/* Begin PBXResourcesBuildPhase section */
		E06E1A9D26B330E6002C209D /* Resources */ = {
			isa = PBXResourcesBuildPhase;
			buildActionMask = 2147483647;
			files = (
				E06E1AAF26B330E8002C209D /* LaunchScreen.storyboard in Resources */,
				E06E1AAC26B330E8002C209D /* Assets.xcassets in Resources */,
				E06E1AAA26B330E6002C209D /* Main.storyboard in Resources */,
			);
			runOnlyForDeploymentPostprocessing = 0;
		};
/* End PBXResourcesBuildPhase section */

/* Begin PBXSourcesBuildPhase section */
		E06E1A9B26B330E6002C209D /* Sources */ = {
			isa = PBXSourcesBuildPhase;
			buildActionMask = 2147483647;
			files = (
				E06E1AC026B33537002C209D /* ControllerFactory.swift in Sources */,
				E06E1AA726B330E6002C209D /* ViewController.swift in Sources */,
				E06E1AA326B330E6002C209D /* AppDelegate.swift in Sources */,
				E06E1AA526B330E6002C209D /* SceneDelegate.swift in Sources */,
				E06E1ABB26B332AF002C209D /* ApplicationCoordinator.swift in Sources */,
				E06E1AC226B33580002C209D /* InitilizationController.swift in Sources */,
				E06E1AC426B33653002C209D /* InitializationCoordinator.swift in Sources */,
				E06E1ABD26B33320002C209D /* CoordinatorFactory.swift in Sources */,
			);
			runOnlyForDeploymentPostprocessing = 0;
		};
/* End PBXSourcesBuildPhase section */

/* Begin PBXVariantGroup section */
		E06E1AA826B330E6002C209D /* Main.storyboard */ = {
			isa = PBXVariantGroup;
			children = (
				E06E1AA926B330E6002C209D /* Base */,
			);
			name = Main.storyboard;
			sourceTree = "<group>";
		};
		E06E1AAD26B330E8002C209D /* LaunchScreen.storyboard */ = {
			isa = PBXVariantGroup;
			children = (
				E06E1AAE26B330E8002C209D /* Base */,
			);
			name = LaunchScreen.storyboard;
			sourceTree = "<group>";
		};
/* End PBXVariantGroup section */

/* Begin XCBuildConfiguration section */
		E06E1AB126B330E8002C209D /* Debug */ = {
			isa = XCBuildConfiguration;
			buildSettings = {
				ALWAYS_SEARCH_USER_PATHS = NO;
				CLANG_ANALYZER_NONNULL = YES;
				CLANG_ANALYZER_NUMBER_OBJECT_CONVERSION = YES_AGGRESSIVE;
				CLANG_CXX_LANGUAGE_STANDARD = "gnu++14";
				CLANG_CXX_LIBRARY = "libc++";
				CLANG_ENABLE_MODULES = YES;
				CLANG_ENABLE_OBJC_ARC = YES;
				CLANG_ENABLE_OBJC_WEAK = YES;
				CLANG_WARN_BLOCK_CAPTURE_AUTORELEASING = YES;
				CLANG_WARN_BOOL_CONVERSION = YES;
				CLANG_WARN_COMMA = YES;
				CLANG_WARN_CONSTANT_CONVERSION = YES;
				CLANG_WARN_DEPRECATED_OBJC_IMPLEMENTATIONS = YES;
				CLANG_WARN_DIRECT_OBJC_ISA_USAGE = YES_ERROR;
				CLANG_WARN_DOCUMENTATION_COMMENTS = YES;
				CLANG_WARN_EMPTY_BODY = YES;
				CLANG_WARN_ENUM_CONVERSION = YES;
				CLANG_WARN_INFINITE_RECURSION = YES;
				CLANG_WARN_INT_CONVERSION = YES;
				CLANG_WARN_NON_LITERAL_NULL_CONVERSION = YES;
				CLANG_WARN_OBJC_IMPLICIT_RETAIN_SELF = YES;
				CLANG_WARN_OBJC_LITERAL_CONVERSION = YES;
				CLANG_WARN_OBJC_ROOT_CLASS = YES_ERROR;
				CLANG_WARN_QUOTED_INCLUDE_IN_FRAMEWORK_HEADER = YES;
				CLANG_WARN_RANGE_LOOP_ANALYSIS = YES;
				CLANG_WARN_STRICT_PROTOTYPES = YES;
				CLANG_WARN_SUSPICIOUS_MOVE = YES;
				CLANG_WARN_UNGUARDED_AVAILABILITY = YES_AGGRESSIVE;
				CLANG_WARN_UNREACHABLE_CODE = YES;
				CLANG_WARN__DUPLICATE_METHOD_MATCH = YES;
				COPY_PHASE_STRIP = NO;
				DEBUG_INFORMATION_FORMAT = dwarf;
				ENABLE_STRICT_OBJC_MSGSEND = YES;
				ENABLE_TESTABILITY = YES;
				GCC_C_LANGUAGE_STANDARD = gnu11;
				GCC_DYNAMIC_NO_PIC = NO;
				GCC_NO_COMMON_BLOCKS = YES;
				GCC_OPTIMIZATION_LEVEL = 0;
				GCC_PREPROCESSOR_DEFINITIONS = (
					"DEBUG=1",
					"$(inherited)",
				);
				GCC_WARN_64_TO_32_BIT_CONVERSION = YES;
				GCC_WARN_ABOUT_RETURN_TYPE = YES_ERROR;
				GCC_WARN_UNDECLARED_SELECTOR = YES;
				GCC_WARN_UNINITIALIZED_AUTOS = YES_AGGRESSIVE;
				GCC_WARN_UNUSED_FUNCTION = YES;
				GCC_WARN_UNUSED_VARIABLE = YES;
				IPHONEOS_DEPLOYMENT_TARGET = 14.5;
				MTL_ENABLE_DEBUG_INFO = INCLUDE_SOURCE;
				MTL_FAST_MATH = YES;
				ONLY_ACTIVE_ARCH = YES;
				SDKROOT = iphoneos;
				SWIFT_ACTIVE_COMPILATION_CONDITIONS = DEBUG;
				SWIFT_OPTIMIZATION_LEVEL = "-Onone";
			};
			name = Debug;
		};
		E06E1AB226B330E8002C209D /* Release */ = {
			isa = XCBuildConfiguration;
			buildSettings = {
				ALWAYS_SEARCH_USER_PATHS = NO;
				CLANG_ANALYZER_NONNULL = YES;
				CLANG_ANALYZER_NUMBER_OBJECT_CONVERSION = YES_AGGRESSIVE;
				CLANG_CXX_LANGUAGE_STANDARD = "gnu++14";
				CLANG_CXX_LIBRARY = "libc++";
				CLANG_ENABLE_MODULES = YES;
				CLANG_ENABLE_OBJC_ARC = YES;
				CLANG_ENABLE_OBJC_WEAK = YES;
				CLANG_WARN_BLOCK_CAPTURE_AUTORELEASING = YES;
				CLANG_WARN_BOOL_CONVERSION = YES;
				CLANG_WARN_COMMA = YES;
				CLANG_WARN_CONSTANT_CONVERSION = YES;
				CLANG_WARN_DEPRECATED_OBJC_IMPLEMENTATIONS = YES;
				CLANG_WARN_DIRECT_OBJC_ISA_USAGE = YES_ERROR;
				CLANG_WARN_DOCUMENTATION_COMMENTS = YES;
				CLANG_WARN_EMPTY_BODY = YES;
				CLANG_WARN_ENUM_CONVERSION = YES;
				CLANG_WARN_INFINITE_RECURSION = YES;
				CLANG_WARN_INT_CONVERSION = YES;
				CLANG_WARN_NON_LITERAL_NULL_CONVERSION = YES;
				CLANG_WARN_OBJC_IMPLICIT_RETAIN_SELF = YES;
				CLANG_WARN_OBJC_LITERAL_CONVERSION = YES;
				CLANG_WARN_OBJC_ROOT_CLASS = YES_ERROR;
				CLANG_WARN_QUOTED_INCLUDE_IN_FRAMEWORK_HEADER = YES;
				CLANG_WARN_RANGE_LOOP_ANALYSIS = YES;
				CLANG_WARN_STRICT_PROTOTYPES = YES;
				CLANG_WARN_SUSPICIOUS_MOVE = YES;
				CLANG_WARN_UNGUARDED_AVAILABILITY = YES_AGGRESSIVE;
				CLANG_WARN_UNREACHABLE_CODE = YES;
				CLANG_WARN__DUPLICATE_METHOD_MATCH = YES;
				COPY_PHASE_STRIP = NO;
				DEBUG_INFORMATION_FORMAT = "dwarf-with-dsym";
				ENABLE_NS_ASSERTIONS = NO;
				ENABLE_STRICT_OBJC_MSGSEND = YES;
				GCC_C_LANGUAGE_STANDARD = gnu11;
				GCC_NO_COMMON_BLOCKS = YES;
				GCC_WARN_64_TO_32_BIT_CONVERSION = YES;
				GCC_WARN_ABOUT_RETURN_TYPE = YES_ERROR;
				GCC_WARN_UNDECLARED_SELECTOR = YES;
				GCC_WARN_UNINITIALIZED_AUTOS = YES_AGGRESSIVE;
				GCC_WARN_UNUSED_FUNCTION = YES;
				GCC_WARN_UNUSED_VARIABLE = YES;
				IPHONEOS_DEPLOYMENT_TARGET = 14.5;
				MTL_ENABLE_DEBUG_INFO = NO;
				MTL_FAST_MATH = YES;
				SDKROOT = iphoneos;
				SWIFT_COMPILATION_MODE = wholemodule;
				SWIFT_OPTIMIZATION_LEVEL = "-O";
				VALIDATE_PRODUCT = YES;
			};
			name = Release;
		};
		E06E1AB426B330E8002C209D /* Debug */ = {
			isa = XCBuildConfiguration;
			buildSettings = {
				ASSETCATALOG_COMPILER_APPICON_NAME = AppIcon;
				ASSETCATALOG_COMPILER_GLOBAL_ACCENT_COLOR_NAME = AccentColor;
				CODE_SIGN_STYLE = Automatic;
				DEVELOPMENT_TEAM = 34E923QGF6;
				INFOPLIST_FILE = SCK_TemplateApp/Info.plist;
				LD_RUNPATH_SEARCH_PATHS = (
					"$(inherited)",
					"@executable_path/Frameworks",
				);
				PRODUCT_BUNDLE_IDENTIFIER = "ru.swiftme.SCK-TemplateApp";
				PRODUCT_NAME = "$(TARGET_NAME)";
				SWIFT_VERSION = 5.0;
				TARGETED_DEVICE_FAMILY = "1,2";
			};
			name = Debug;
		};
		E06E1AB526B330E8002C209D /* Release */ = {
			isa = XCBuildConfiguration;
			buildSettings = {
				ASSETCATALOG_COMPILER_APPICON_NAME = AppIcon;
				ASSETCATALOG_COMPILER_GLOBAL_ACCENT_COLOR_NAME = AccentColor;
				CODE_SIGN_STYLE = Automatic;
				DEVELOPMENT_TEAM = 34E923QGF6;
				INFOPLIST_FILE = SCK_TemplateApp/Info.plist;
				LD_RUNPATH_SEARCH_PATHS = (
					"$(inherited)",
					"@executable_path/Frameworks",
				);
				PRODUCT_BUNDLE_IDENTIFIER = "ru.swiftme.SCK-TemplateApp";
				PRODUCT_NAME = "$(TARGET_NAME)";
				SWIFT_VERSION = 5.0;
				TARGETED_DEVICE_FAMILY = "1,2";
			};
			name = Release;
		};
/* End XCBuildConfiguration section */

/* Begin XCConfigurationList section */
		E06E1A9A26B330E6002C209D /* Build configuration list for PBXProject "SCK_TemplateApp" */ = {
			isa = XCConfigurationList;
			buildConfigurations = (
				E06E1AB126B330E8002C209D /* Debug */,
				E06E1AB226B330E8002C209D /* Release */,
			);
			defaultConfigurationIsVisible = 0;
			defaultConfigurationName = Release;
		};
		E06E1AB326B330E8002C209D /* Build configuration list for PBXNativeTarget "SCK_TemplateApp" */ = {
			isa = XCConfigurationList;
			buildConfigurations = (
				E06E1AB426B330E8002C209D /* Debug */,
				E06E1AB526B330E8002C209D /* Release */,
			);
			defaultConfigurationIsVisible = 0;
			defaultConfigurationName = Release;
		};
/* End XCConfigurationList section */

/* Begin XCRemoteSwiftPackageReference section */
		E06E1AB626B33260002C209D /* XCRemoteSwiftPackageReference "SwiftCoordinatorsKit" */ = {
			isa = XCRemoteSwiftPackageReference;
			repositoryURL = "https://github.com/DobbyWanKenoby/SwiftCoordinatorsKit";
			requirement = {
				kind = upToNextMajorVersion;
				minimumVersion = 0.3.8;
			};
		};
/* End XCRemoteSwiftPackageReference section */

/* Begin XCSwiftPackageProductDependency section */
		E06E1AB726B33260002C209D /* SwiftCoordinatorsKit */ = {
			isa = XCSwiftPackageProductDependency;
			package = E06E1AB626B33260002C209D /* XCRemoteSwiftPackageReference "SwiftCoordinatorsKit" */;
			productName = SwiftCoordinatorsKit;
		};
/* End XCSwiftPackageProductDependency section */
	};
	rootObject = E06E1A9726B330E6002C209D /* Project object */;
}
